
Microsoft Visual Studio Solution File, Format Version 11.00
# Visual Studio 2010
Project("{FAE04EC0-301F-11D3-BF4B-00C04F79EFBC}") = "GCardboard", "Assembly-CSharp-firstpass.csproj", "{A98170C5-3BBC-AC98-8049-0556408A4FFA}"
EndProject
Project("{FAE04EC0-301F-11D3-BF4B-00C04F79EFBC}") = "GCardboard", "Assembly-CSharp.csproj", "{103BCF1A-C3FD-A7E1-B78C-71A3DB1D04E5}"
EndProject
Project("{FAE04EC0-301F-11D3-BF4B-00C04F79EFBC}") = "GCardboard", "Assembly-CSharp-Editor-firstpass.csproj", "{23AD760F-3FEB-7F4A-318B-C0A2CC819D44}"
EndProject
Global
	GlobalSection(SolutionConfigurationPlatforms) = preSolution
		Debug|Any CPU = Debug|Any CPU
		Release|Any CPU = Release|Any CPU
	EndGlobalSection
	GlobalSection(ProjectConfigurationPlatforms) = postSolution
		{A98170C5-3BBC-AC98-8049-0556408A4FFA}.Debug|Any CPU.ActiveCfg = Debug|Any CPU
		{A98170C5-3BBC-AC98-8049-0556408A4FFA}.Debug|Any CPU.Build.0 = Debug|Any CPU
		{A98170C5-3BBC-AC98-8049-0556408A4FFA}.Release|Any CPU.ActiveCfg = Release|Any CPU
		{A98170C5-3BBC-AC98-8049-0556408A4FFA}.Release|Any CPU.Build.0 = Release|Any CPU
		{103BCF1A-C3FD-A7E1-B78C-71A3DB1D04E5}.Debug|Any CPU.ActiveCfg = Debug|Any CPU
		{103BCF1A-C3FD-A7E1-B78C-71A3DB1D04E5}.Debug|Any CPU.Build.0 = Debug|Any CPU
		{103BCF1A-C3FD-A7E1-B78C-71A3DB1D04E5}.Release|Any CPU.ActiveCfg = Release|Any CPU
		{103BCF1A-C3FD-A7E1-B78C-71A3DB1D04E5}.Release|Any CPU.Build.0 = Release|Any CPU
		{23AD760F-3FEB-7F4A-318B-C0A2CC819D44}.Debug|Any CPU.ActiveCfg = Debug|Any CPU
		{23AD760F-3FEB-7F4A-318B-C0A2CC819D44}.Debug|Any CPU.Build.0 = Debug|Any CPU
		{23AD760F-3FEB-7F4A-318B-C0A2CC819D44}.Release|Any CPU.ActiveCfg = Release|Any CPU
		{23AD760F-3FEB-7F4A-318B-C0A2CC819D44}.Release|Any CPU.Build.0 = Release|Any CPU
	EndGlobalSection
	GlobalSection(SolutionProperties) = preSolution
		HideSolutionNode = FALSE
	EndGlobalSection
	GlobalSection(MonoDevelopProperties) = preSolution
		StartupItem = Assembly-CSharp.csproj
	EndGlobalSection
EndGlobal
